{
    "hash": "78408fe60f783ab859fabdad7e284392",
    "packages": [
        {
            "name": "anod/gmail-imap",
            "version": "dev-master",
            "source": {
                "type": "git",
                "url": "https://github.com/anod/gmail-imap-php.git",
                "reference": "cec40901ebd6541d3552d9d74fd89cb4712658c2"
            },
            "dist": {
                "type": "zip",
                "url": "https://api.github.com/repos/anod/gmail-imap-php/zipball/cec40901ebd6541d3552d9d74fd89cb4712658c2",
                "reference": "cec40901ebd6541d3552d9d74fd89cb4712658c2",
                "shasum": ""
            },
            "require": {
                "php": ">=5.3.3",
                "zendframework/zend-mail": "2.0.*"
            },
            "require-dev": {
                "phpunit/phpunit": "3.7.*"
            },
            "time": "2013-03-15 22:26:03",
            "type": "library",
            "autoload": {
                "psr-0": {
                    "Anod": "src/"
                }
            },
            "notification-url": "https://packagist.org/downloads/",
            "license": [
                "MIT"
            ],
            "authors": [
                {
                    "name": "Alex Gavrishev",
                    "email": "alex.gavrishev@gmail.com"
                }
            ],
            "description": "API to work with Gmail from IMAP built on top of Zend Imap Library",
            "homepage": "http://github.com/anod/gmail-imap-php",
            "keywords": [
                "gmail",
                "imap"
            ]
        },
        {
            "name": "monolog/monolog",
            "version": "1.4.0",
            "source": {
                "type": "git",
                "url": "https://github.com/Seldaek/monolog",
                "reference": "1.4.0"
            },
            "dist": {
                "type": "zip",
                "url": "https://api.github.com/repos/Seldaek/monolog/zipball/1.4.0",
                "reference": "1.4.0",
                "shasum": ""
            },
            "require": {
                "php": ">=5.3.0",
                "psr/log": ">=1.0,<2.0"
            },
            "require-dev": {
                "doctrine/couchdb": "dev-master",
                "mlehner/gelf-php": "1.0.*",
                "raven/raven": "0.3.*"
            },
            "suggest": {
                "doctrine/couchdb": "Allow sending log messages to a CouchDB server",
                "ext-amqp": "Allow sending log messages to an AMQP server (1.0+ required)",
                "ext-mongo": "Allow sending log messages to a MongoDB server",
                "mlehner/gelf-php": "Allow sending log messages to a GrayLog2 server",
                "raven/raven": "Allow sending log messages to a Sentry server"
            },
            "time": "2013-02-13 18:06:51",
            "type": "library",
            "extra": {
                "branch-alias": {
                    "dev-master": "1.4.x-dev"
                }
            },
            "autoload": {
                "psr-0": {
                    "Monolog": "src/"
                }
            },
            "notification-url": "https://packagist.org/downloads/",
            "license": [
                "MIT"
            ],
            "authors": [
                {
                    "name": "Jordi Boggiano",
                    "email": "j.boggiano@seld.be",
                    "homepage": "http://seld.be",
                    "role": "Developer"
                }
            ],
            "description": "Sends your logs to files, sockets, inboxes, databases and various web services",
            "homepage": "http://github.com/Seldaek/monolog",
            "keywords": [
                "log",
                "logging",
                "psr-3"
            ]
        },
        {
            "name": "psr/log",
            "version": "1.0.0",
            "source": {
                "type": "git",
                "url": "https://github.com/php-fig/log",
                "reference": "1.0.0"
            },
            "dist": {
                "type": "zip",
                "url": "https://github.com/php-fig/log/archive/1.0.0.zip",
                "reference": "1.0.0",
                "shasum": ""
            },
            "time": "2012-12-21 11:40:51",
            "type": "library",
            "autoload": {
                "psr-0": {
                    "Psr\\Log\\": ""
                }
            },
            "notification-url": "https://packagist.org/downloads/",
            "license": [
                "MIT"
            ],
            "authors": [
                {
                    "name": "PHP-FIG",
                    "homepage": "http://www.php-fig.org/"
                }
            ],
            "description": "Common interface for logging libraries",
            "keywords": [
                "log",
                "psr",
                "psr-3"
            ]
        },
        {
            "name": "zendframework/zend-loader",
            "version": "2.0.8",
            "target-dir": "Zend/Loader",
            "source": {
                "type": "git",
                "url": "git://github.com/zendframework/Component_ZendLoader.git",
                "reference": "release-2.0.8"
            },
            "dist": {
                "type": "zip",
                "url": "https://packages.zendframework.com/composer/Zend_Loader-2.0.8.zip",
                "reference": null,
                "shasum": null
            },
            "require": {
                "php": ">=5.3.3"
            },
            "suggest": {
                "zendframework/zend-stdlib": "Zend\\Stdlib component"
            },
            "type": "library",
            "autoload": {
                "psr-0": {
                    "Zend\\Loader\\": ""
                }
            },
            "license": [
                "BSD-3-Clause"
            ],
            "description": " ",
            "homepage": "http://packages.zendframework.com/",
            "keywords": [
                "loader",
                "zf2"
            ],
            "support": {
                "email": "fw-general-subscribe@lists.zend.com",
                "irc": "irc://irc.freenode.net/zftalk",
                "issues": "https://github.com/zendframework/zf2/issues",
                "source": "https://github.com/zendframework/zf2"
            }
        },
        {
            "name": "zendframework/zend-mail",
            "version": "2.0.8",
            "target-dir": "Zend/Mail",
            "source": {
                "type": "git",
                "url": "git://github.com/zendframework/Component_ZendMail.git",
                "reference": "release-2.0.8"
            },
            "dist": {
                "type": "zip",
                "url": "https://packages.zendframework.com/composer/Zend_Mail-2.0.8.zip",
                "reference": null,
                "shasum": null
            },
            "require": {
                "php": ">=5.3.3",
                "zendframework/zend-loader": "self.version",
                "zendframework/zend-mime": "self.version",
                "zendframework/zend-stdlib": "self.version"
            },
            "suggest": {
                "zendframework/zend-servicemanager": "Zend\\ServiceManager component",
                "zendframework/zend-validator": "Zend\\Validator component"
            },
            "type": "library",
            "autoload": {
                "psr-0": {
                    "Zend\\Mail\\": ""
                }
            },
            "license": [
                "BSD-3-Clause"
            ],
            "description": "provides generalized functionality to compose and send both text and MIME-compliant multipart e-mail messages",
            "homepage": "http://packages.zendframework.com/",
            "keywords": [
                "mail",
                "zf2"
            ],
            "support": {
                "email": "fw-general-subscribe@lists.zend.com",
                "irc": "irc://irc.freenode.net/zftalk",
                "issues": "https://github.com/zendframework/zf2/issues",
                "source": "https://github.com/zendframework/zf2"
            }
        },
        {
            "name": "zendframework/zend-mime",
            "version": "2.0.8",
            "target-dir": "Zend/Mime",
            "source": {
                "type": "git",
                "url": "git://github.com/zendframework/Component_ZendMime.git",
                "reference": "release-2.0.8"
            },
            "dist": {
                "type": "zip",
                "url": "https://packages.zendframework.com/composer/Zend_Mime-2.0.8.zip",
                "reference": null,
                "shasum": null
            },
            "require": {
                "php": ">=5.3.3",
                "zendframework/zend-stdlib": "self.version"
            },
            "type": "library",
            "autoload": {
                "psr-0": {
                    "Zend\\Mime\\": ""
                }
            },
            "license": [
                "BSD-3-Clause"
            ],
            "description": " ",
            "homepage": "http://packages.zendframework.com/",
            "keywords": [
                "mime",
                "zf2"
            ],
            "support": {
                "email": "fw-general-subscribe@lists.zend.com",
                "irc": "irc://irc.freenode.net/zftalk",
                "issues": "https://github.com/zendframework/zf2/issues",
                "source": "https://github.com/zendframework/zf2"
            }
        },
        {
            "name": "zendframework/zend-stdlib",
            "version": "2.0.8",
            "target-dir": "Zend/Stdlib",
            "source": {
                "type": "git",
                "url": "git://github.com/zendframework/Component_ZendStdlib.git",
                "reference": "release-2.0.8"
            },
            "dist": {
                "type": "zip",
                "url": "https://packages.zendframework.com/composer/Zend_Stdlib-2.0.8.zip",
                "reference": null,
                "shasum": null
            },
            "require": {
                "php": ">=5.3.3"
            },
            "suggest": {
                "pecl-weakref": "Implementation of weak references for Stdlib\\CallbackHandler"
            },
            "type": "library",
            "autoload": {
                "psr-0": {
                    "Zend\\Stdlib\\": ""
                }
            },
            "license": [
                "BSD-3-Clause"
            ],
            "description": " ",
            "homepage": "http://packages.zendframework.com/",
            "keywords": [
                "stdlib",
                "zf2"
            ],
            "support": {
                "email": "fw-general-subscribe@lists.zend.com",
                "irc": "irc://irc.freenode.net/zftalk",
                "issues": "https://github.com/zendframework/zf2/issues",
                "source": "https://github.com/zendframework/zf2"
            }
        }
    ],
    "packages-dev": null,
    "aliases": [

    ],
    "minimum-stability": "stable",
    "stability-flags": {
        "anod/gmail-imap": 20
    }
}
